
Microsoft Visual Studio Solution File, Format Version 12.00
# Visual Studio Version 17
VisualStudioVersion = 17.0.31903.59
MinimumVisualStudioVersion = 10.0.40219.1
Project("{FAE04EC0-301F-11D3-BF4B-00C04F79EFBC}") = "MasodikFelev", "MasodikFelev\MasodikFelev.csproj", "{222C0861-CD32-4354-ACBB-FA3B8000AF8A}"
EndProject
Project("{FAE04EC0-301F-11D3-BF4B-00C04F79EFBC}") = "ConsoleApp1", "ConsoleApp1\ConsoleApp1.csproj", "{65F37DDC-0BC0-4741-B820-4283C71D2C41}"
EndProject
Project("{FAE04EC0-301F-11D3-BF4B-00C04F79EFBC}") = "Fuggvenyek", "Fuggvenyek\Fuggvenyek.csproj", "{1541AC63-C2EE-45AF-8DEA-29E4EFD041E8}"
EndProject
Global
	GlobalSection(SolutionConfigurationPlatforms) = preSolution
		Debug|Any CPU = Debug|Any CPU
		Release|Any CPU = Release|Any CPU
	EndGlobalSection
	GlobalSection(SolutionProperties) = preSolution
		HideSolutionNode = FALSE
	EndGlobalSection
	GlobalSection(ProjectConfigurationPlatforms) = postSolution
		{222C0861-CD32-4354-ACBB-FA3B8000AF8A}.Debug|Any CPU.ActiveCfg = Debug|Any CPU
		{222C0861-CD32-4354-ACBB-FA3B8000AF8A}.Debug|Any CPU.Build.0 = Debug|Any CPU
		{222C0861-CD32-4354-ACBB-FA3B8000AF8A}.Release|Any CPU.ActiveCfg = Release|Any CPU
		{222C0861-CD32-4354-ACBB-FA3B8000AF8A}.Release|Any CPU.Build.0 = Release|Any CPU
		{65F37DDC-0BC0-4741-B820-4283C71D2C41}.Debug|Any CPU.ActiveCfg = Debug|Any CPU
		{65F37DDC-0BC0-4741-B820-4283C71D2C41}.Debug|Any CPU.Build.0 = Debug|Any CPU
		{65F37DDC-0BC0-4741-B820-4283C71D2C41}.Release|Any CPU.ActiveCfg = Release|Any CPU
		{65F37DDC-0BC0-4741-B820-4283C71D2C41}.Release|Any CPU.Build.0 = Release|Any CPU
		{1541AC63-C2EE-45AF-8DEA-29E4EFD041E8}.Debug|Any CPU.ActiveCfg = Debug|Any CPU
		{1541AC63-C2EE-45AF-8DEA-29E4EFD041E8}.Debug|Any CPU.Build.0 = Debug|Any CPU
		{1541AC63-C2EE-45AF-8DEA-29E4EFD041E8}.Release|Any CPU.ActiveCfg = Release|Any CPU
		{1541AC63-C2EE-45AF-8DEA-29E4EFD041E8}.Release|Any CPU.Build.0 = Release|Any CPU
	EndGlobalSection
EndGlobal
